
Microsoft Visual Studio Solution File, Format Version 12.00
# Visual Studio Version 17
VisualStudioVersion = 17.4.33122.133
MinimumVisualStudioVersion = 10.0.40219.1
Project("{9A19103F-16F7-4668-BE54-9A1E7A4F7556}") = "NVUpdateManager.Web", "NVUpdateManager.Web\NVUpdateManager.Web.csproj", "{319091A1-70F2-40AB-95F0-59173D013207}"
EndProject
Project("{9A19103F-16F7-4668-BE54-9A1E7A4F7556}") = "NVUpdateManager.Core", "NVUpdateManager.Core\NVUpdateManager.Core.csproj", "{5E2A3AB8-9E3E-4EF6-BF5F-4293E1F1EC5B}"
EndProject
Project("{9A19103F-16F7-4668-BE54-9A1E7A4F7556}") = "NVUpdateManager.NotificationService", "NVUpdateManager.NotificationService\NVUpdateManager.NotificationService.csproj", "{AF50B2B1-A028-4978-AFA0-755D6359893D}"
EndProject
Project("{9A19103F-16F7-4668-BE54-9A1E7A4F7556}") = "NVUpdateManager.EmailHandler", "NVUpdateManager.EmailHandler\NVUpdateManager.EmailHandler.csproj", "{868C187D-1BE1-484C-80B2-D19975061669}"
EndProject
Project("{9A19103F-16F7-4668-BE54-9A1E7A4F7556}") = "NVUpdateManager.Core.Tests", "NVUpdateManager.Core.Tests\NVUpdateManager.Core.Tests.csproj", "{2B9F7E42-36C0-4FFB-BC5C-7CA917414229}"
EndProject
Project("{9A19103F-16F7-4668-BE54-9A1E7A4F7556}") = "NVUpdateManager.EmailHandler.Tests", "NVUpdateManager.EmailHandler.Tests\NVUpdateManager.EmailHandler.Tests.csproj", "{9A524B30-593B-4A86-A649-DB7B3977B144}"
EndProject
Global
	GlobalSection(SolutionConfigurationPlatforms) = preSolution
		Debug|Any CPU = Debug|Any CPU
		Debug|ARM64 = Debug|ARM64
		Debug|x64 = Debug|x64
		Debug|x86 = Debug|x86
		Release|Any CPU = Release|Any CPU
		Release|ARM64 = Release|ARM64
		Release|x64 = Release|x64
		Release|x86 = Release|x86
	EndGlobalSection
	GlobalSection(ProjectConfigurationPlatforms) = postSolution
		{319091A1-70F2-40AB-95F0-59173D013207}.Debug|Any CPU.ActiveCfg = Debug|Any CPU
		{319091A1-70F2-40AB-95F0-59173D013207}.Debug|Any CPU.Build.0 = Debug|Any CPU
		{319091A1-70F2-40AB-95F0-59173D013207}.Debug|ARM64.ActiveCfg = Debug|Any CPU
		{319091A1-70F2-40AB-95F0-59173D013207}.Debug|ARM64.Build.0 = Debug|Any CPU
		{319091A1-70F2-40AB-95F0-59173D013207}.Debug|x64.ActiveCfg = Debug|Any CPU
		{319091A1-70F2-40AB-95F0-59173D013207}.Debug|x64.Build.0 = Debug|Any CPU
		{319091A1-70F2-40AB-95F0-59173D013207}.Debug|x86.ActiveCfg = Debug|x86
		{319091A1-70F2-40AB-95F0-59173D013207}.Debug|x86.Build.0 = Debug|x86
		{319091A1-70F2-40AB-95F0-59173D013207}.Release|Any CPU.ActiveCfg = Release|Any CPU
		{319091A1-70F2-40AB-95F0-59173D013207}.Release|Any CPU.Build.0 = Release|Any CPU
		{319091A1-70F2-40AB-95F0-59173D013207}.Release|ARM64.ActiveCfg = Release|Any CPU
		{319091A1-70F2-40AB-95F0-59173D013207}.Release|ARM64.Build.0 = Release|Any CPU
		{319091A1-70F2-40AB-95F0-59173D013207}.Release|x64.ActiveCfg = Release|Any CPU
		{319091A1-70F2-40AB-95F0-59173D013207}.Release|x64.Build.0 = Release|Any CPU
		{319091A1-70F2-40AB-95F0-59173D013207}.Release|x86.ActiveCfg = Release|x86
		{319091A1-70F2-40AB-95F0-59173D013207}.Release|x86.Build.0 = Release|x86
		{5E2A3AB8-9E3E-4EF6-BF5F-4293E1F1EC5B}.Debug|Any CPU.ActiveCfg = Debug|Any CPU
		{5E2A3AB8-9E3E-4EF6-BF5F-4293E1F1EC5B}.Debug|Any CPU.Build.0 = Debug|Any CPU
		{5E2A3AB8-9E3E-4EF6-BF5F-4293E1F1EC5B}.Debug|ARM64.ActiveCfg = Debug|Any CPU
		{5E2A3AB8-9E3E-4EF6-BF5F-4293E1F1EC5B}.Debug|ARM64.Build.0 = Debug|Any CPU
		{5E2A3AB8-9E3E-4EF6-BF5F-4293E1F1EC5B}.Debug|x64.ActiveCfg = Debug|Any CPU
		{5E2A3AB8-9E3E-4EF6-BF5F-4293E1F1EC5B}.Debug|x64.Build.0 = Debug|Any CPU
		{5E2A3AB8-9E3E-4EF6-BF5F-4293E1F1EC5B}.Debug|x86.ActiveCfg = Debug|x86
		{5E2A3AB8-9E3E-4EF6-BF5F-4293E1F1EC5B}.Debug|x86.Build.0 = Debug|x86
		{5E2A3AB8-9E3E-4EF6-BF5F-4293E1F1EC5B}.Release|Any CPU.ActiveCfg = Release|Any CPU
		{5E2A3AB8-9E3E-4EF6-BF5F-4293E1F1EC5B}.Release|Any CPU.Build.0 = Release|Any CPU
		{5E2A3AB8-9E3E-4EF6-BF5F-4293E1F1EC5B}.Release|ARM64.ActiveCfg = Release|Any CPU
		{5E2A3AB8-9E3E-4EF6-BF5F-4293E1F1EC5B}.Release|ARM64.Build.0 = Release|Any CPU
		{5E2A3AB8-9E3E-4EF6-BF5F-4293E1F1EC5B}.Release|x64.ActiveCfg = Release|Any CPU
		{5E2A3AB8-9E3E-4EF6-BF5F-4293E1F1EC5B}.Release|x64.Build.0 = Release|Any CPU
		{5E2A3AB8-9E3E-4EF6-BF5F-4293E1F1EC5B}.Release|x86.ActiveCfg = Release|x86
		{5E2A3AB8-9E3E-4EF6-BF5F-4293E1F1EC5B}.Release|x86.Build.0 = Release|x86
		{AF50B2B1-A028-4978-AFA0-755D6359893D}.Debug|Any CPU.ActiveCfg = Debug|Any CPU
		{AF50B2B1-A028-4978-AFA0-755D6359893D}.Debug|Any CPU.Build.0 = Debug|Any CPU
		{AF50B2B1-A028-4978-AFA0-755D6359893D}.Debug|ARM64.ActiveCfg = Debug|Any CPU
		{AF50B2B1-A028-4978-AFA0-755D6359893D}.Debug|ARM64.Build.0 = Debug|Any CPU
		{AF50B2B1-A028-4978-AFA0-755D6359893D}.Debug|x64.ActiveCfg = Debug|Any CPU
		{AF50B2B1-A028-4978-AFA0-755D6359893D}.Debug|x64.Build.0 = Debug|Any CPU
		{AF50B2B1-A028-4978-AFA0-755D6359893D}.Debug|x86.ActiveCfg = Debug|x86
		{AF50B2B1-A028-4978-AFA0-755D6359893D}.Debug|x86.Build.0 = Debug|x86
		{AF50B2B1-A028-4978-AFA0-755D6359893D}.Release|Any CPU.ActiveCfg = Release|Any CPU
		{AF50B2B1-A028-4978-AFA0-755D6359893D}.Release|Any CPU.Build.0 = Release|Any CPU
		{AF50B2B1-A028-4978-AFA0-755D6359893D}.Release|ARM64.ActiveCfg = Release|Any CPU
		{AF50B2B1-A028-4978-AFA0-755D6359893D}.Release|ARM64.Build.0 = Release|Any CPU
		{AF50B2B1-A028-4978-AFA0-755D6359893D}.Release|x64.ActiveCfg = Release|Any CPU
		{AF50B2B1-A028-4978-AFA0-755D6359893D}.Release|x64.Build.0 = Release|Any CPU
		{AF50B2B1-A028-4978-AFA0-755D6359893D}.Release|x86.ActiveCfg = Release|x86
		{AF50B2B1-A028-4978-AFA0-755D6359893D}.Release|x86.Build.0 = Release|x86
		{868C187D-1BE1-484C-80B2-D19975061669}.Debug|Any CPU.ActiveCfg = Debug|Any CPU
		{868C187D-1BE1-484C-80B2-D19975061669}.Debug|Any CPU.Build.0 = Debug|Any CPU
		{868C187D-1BE1-484C-80B2-D19975061669}.Debug|ARM64.ActiveCfg = Debug|Any CPU
		{868C187D-1BE1-484C-80B2-D19975061669}.Debug|ARM64.Build.0 = Debug|Any CPU
		{868C187D-1BE1-484C-80B2-D19975061669}.Debug|x64.ActiveCfg = Debug|Any CPU
		{868C187D-1BE1-484C-80B2-D19975061669}.Debug|x64.Build.0 = Debug|Any CPU
		{868C187D-1BE1-484C-80B2-D19975061669}.Debug|x86.ActiveCfg = Debug|x86
		{868C187D-1BE1-484C-80B2-D19975061669}.Debug|x86.Build.0 = Debug|x86
		{868C187D-1BE1-484C-80B2-D19975061669}.Release|Any CPU.ActiveCfg = Release|Any CPU
		{868C187D-1BE1-484C-80B2-D19975061669}.Release|Any CPU.Build.0 = Release|Any CPU
		{868C187D-1BE1-484C-80B2-D19975061669}.Release|ARM64.ActiveCfg = Release|Any CPU
		{868C187D-1BE1-484C-80B2-D19975061669}.Release|ARM64.Build.0 = Release|Any CPU
		{868C187D-1BE1-484C-80B2-D19975061669}.Release|x64.ActiveCfg = Release|Any CPU
		{868C187D-1BE1-484C-80B2-D19975061669}.Release|x64.Build.0 = Release|Any CPU
		{868C187D-1BE1-484C-80B2-D19975061669}.Release|x86.ActiveCfg = Release|x86
		{868C187D-1BE1-484C-80B2-D19975061669}.Release|x86.Build.0 = Release|x86
		{2B9F7E42-36C0-4FFB-BC5C-7CA917414229}.Debug|Any CPU.ActiveCfg = Debug|Any CPU
		{2B9F7E42-36C0-4FFB-BC5C-7CA917414229}.Debug|Any CPU.Build.0 = Debug|Any CPU
		{2B9F7E42-36C0-4FFB-BC5C-7CA917414229}.Debug|ARM64.ActiveCfg = Debug|Any CPU
		{2B9F7E42-36C0-4FFB-BC5C-7CA917414229}.Debug|ARM64.Build.0 = Debug|Any CPU
		{2B9F7E42-36C0-4FFB-BC5C-7CA917414229}.Debug|x64.ActiveCfg = Debug|Any CPU
		{2B9F7E42-36C0-4FFB-BC5C-7CA917414229}.Debug|x64.Build.0 = Debug|Any CPU
		{2B9F7E42-36C0-4FFB-BC5C-7CA917414229}.Debug|x86.ActiveCfg = Debug|x86
		{2B9F7E42-36C0-4FFB-BC5C-7CA917414229}.Debug|x86.Build.0 = Debug|x86
		{2B9F7E42-36C0-4FFB-BC5C-7CA917414229}.Release|Any CPU.ActiveCfg = Release|Any CPU
		{2B9F7E42-36C0-4FFB-BC5C-7CA917414229}.Release|Any CPU.Build.0 = Release|Any CPU
		{2B9F7E42-36C0-4FFB-BC5C-7CA917414229}.Release|ARM64.ActiveCfg = Release|Any CPU
		{2B9F7E42-36C0-4FFB-BC5C-7CA917414229}.Release|ARM64.Build.0 = Release|Any CPU
		{2B9F7E42-36C0-4FFB-BC5C-7CA917414229}.Release|x64.ActiveCfg = Release|Any CPU
		{2B9F7E42-36C0-4FFB-BC5C-7CA917414229}.Release|x64.Build.0 = Release|Any CPU
		{2B9F7E42-36C0-4FFB-BC5C-7CA917414229}.Release|x86.ActiveCfg = Release|x86
		{2B9F7E42-36C0-4FFB-BC5C-7CA917414229}.Release|x86.Build.0 = Release|x86
		{9A524B30-593B-4A86-A649-DB7B3977B144}.Debug|Any CPU.ActiveCfg = Debug|Any CPU
		{9A524B30-593B-4A86-A649-DB7B3977B144}.Debug|Any CPU.Build.0 = Debug|Any CPU
		{9A524B30-593B-4A86-A649-DB7B3977B144}.Debug|ARM64.ActiveCfg = Debug|Any CPU
		{9A524B30-593B-4A86-A649-DB7B3977B144}.Debug|ARM64.Build.0 = Debug|Any CPU
		{9A524B30-593B-4A86-A649-DB7B3977B144}.Debug|x64.ActiveCfg = Debug|Any CPU
		{9A524B30-593B-4A86-A649-DB7B3977B144}.Debug|x64.Build.0 = Debug|Any CPU
		{9A524B30-593B-4A86-A649-DB7B3977B144}.Debug|x86.ActiveCfg = Debug|x86
		{9A524B30-593B-4A86-A649-DB7B3977B144}.Debug|x86.Build.0 = Debug|x86
		{9A524B30-593B-4A86-A649-DB7B3977B144}.Release|Any CPU.ActiveCfg = Release|Any CPU
		{9A524B30-593B-4A86-A649-DB7B3977B144}.Release|Any CPU.Build.0 = Release|Any CPU
		{9A524B30-593B-4A86-A649-DB7B3977B144}.Release|ARM64.ActiveCfg = Release|Any CPU
		{9A524B30-593B-4A86-A649-DB7B3977B144}.Release|ARM64.Build.0 = Release|Any CPU
		{9A524B30-593B-4A86-A649-DB7B3977B144}.Release|x64.ActiveCfg = Release|Any CPU
		{9A524B30-593B-4A86-A649-DB7B3977B144}.Release|x64.Build.0 = Release|Any CPU
		{9A524B30-593B-4A86-A649-DB7B3977B144}.Release|x86.ActiveCfg = Release|x86
		{9A524B30-593B-4A86-A649-DB7B3977B144}.Release|x86.Build.0 = Release|x86
	EndGlobalSection
	GlobalSection(SolutionProperties) = preSolution
		HideSolutionNode = FALSE
	EndGlobalSection
	GlobalSection(ExtensibilityGlobals) = postSolution
		SolutionGuid = {BEA7E4B3-2428-4B98-BCC5-35594F84629E}
	EndGlobalSection
EndGlobal
