
Microsoft Visual Studio Solution File, Format Version 12.00
# Visual Studio Version 17
VisualStudioVersion = 17.4.33122.133
MinimumVisualStudioVersion = 10.0.40219.1
Project("{9A19103F-16F7-4668-BE54-9A1E7A4F7556}") = "NVUpdateManager.WebScraper", "NVUpdateManager.WebScraper\NVUpdateManager.WebScraper.csproj", "{319091A1-70F2-40AB-95F0-59173D013207}"
EndProject
Project("{9A19103F-16F7-4668-BE54-9A1E7A4F7556}") = "NVUpdateManager.Listener", "NVUpdateManager.Listener\NVUpdateManager.Listener.csproj", "{49D645F9-EEF0-48D5-801E-292BB72BF3AA}"
EndProject
Project("{9A19103F-16F7-4668-BE54-9A1E7A4F7556}") = "NVUpdateManager.Core", "NVUpdateManager.Core\NVUpdateManager.Core.csproj", "{5E2A3AB8-9E3E-4EF6-BF5F-4293E1F1EC5B}"
EndProject
Project("{9A19103F-16F7-4668-BE54-9A1E7A4F7556}") = "NVUpdateManager.NotificationService", "NVUpdateManager.NotificationService\NVUpdateManager.NotificationService.csproj", "{AF50B2B1-A028-4978-AFA0-755D6359893D}"
EndProject
Project("{9A19103F-16F7-4668-BE54-9A1E7A4F7556}") = "NVUpdateManager.EmailHandler", "NVUpdateManager.EmailHandler\NVUpdateManager.EmailHandler.csproj", "{868C187D-1BE1-484C-80B2-D19975061669}"
EndProject
Global
	GlobalSection(SolutionConfigurationPlatforms) = preSolution
		Debug|Any CPU = Debug|Any CPU
		Release|Any CPU = Release|Any CPU
	EndGlobalSection
	GlobalSection(ProjectConfigurationPlatforms) = postSolution
		{319091A1-70F2-40AB-95F0-59173D013207}.Debug|Any CPU.ActiveCfg = Debug|Any CPU
		{319091A1-70F2-40AB-95F0-59173D013207}.Debug|Any CPU.Build.0 = Debug|Any CPU
		{319091A1-70F2-40AB-95F0-59173D013207}.Release|Any CPU.ActiveCfg = Release|Any CPU
		{319091A1-70F2-40AB-95F0-59173D013207}.Release|Any CPU.Build.0 = Release|Any CPU
		{49D645F9-EEF0-48D5-801E-292BB72BF3AA}.Debug|Any CPU.ActiveCfg = Debug|Any CPU
		{49D645F9-EEF0-48D5-801E-292BB72BF3AA}.Debug|Any CPU.Build.0 = Debug|Any CPU
		{49D645F9-EEF0-48D5-801E-292BB72BF3AA}.Release|Any CPU.ActiveCfg = Release|Any CPU
		{49D645F9-EEF0-48D5-801E-292BB72BF3AA}.Release|Any CPU.Build.0 = Release|Any CPU
		{5E2A3AB8-9E3E-4EF6-BF5F-4293E1F1EC5B}.Debug|Any CPU.ActiveCfg = Debug|Any CPU
		{5E2A3AB8-9E3E-4EF6-BF5F-4293E1F1EC5B}.Debug|Any CPU.Build.0 = Debug|Any CPU
		{5E2A3AB8-9E3E-4EF6-BF5F-4293E1F1EC5B}.Release|Any CPU.ActiveCfg = Release|Any CPU
		{5E2A3AB8-9E3E-4EF6-BF5F-4293E1F1EC5B}.Release|Any CPU.Build.0 = Release|Any CPU
		{AF50B2B1-A028-4978-AFA0-755D6359893D}.Debug|Any CPU.ActiveCfg = Debug|Any CPU
		{AF50B2B1-A028-4978-AFA0-755D6359893D}.Debug|Any CPU.Build.0 = Debug|Any CPU
		{AF50B2B1-A028-4978-AFA0-755D6359893D}.Release|Any CPU.ActiveCfg = Release|Any CPU
		{AF50B2B1-A028-4978-AFA0-755D6359893D}.Release|Any CPU.Build.0 = Release|Any CPU
		{868C187D-1BE1-484C-80B2-D19975061669}.Debug|Any CPU.ActiveCfg = Debug|Any CPU
		{868C187D-1BE1-484C-80B2-D19975061669}.Debug|Any CPU.Build.0 = Debug|Any CPU
		{868C187D-1BE1-484C-80B2-D19975061669}.Release|Any CPU.ActiveCfg = Release|Any CPU
		{868C187D-1BE1-484C-80B2-D19975061669}.Release|Any CPU.Build.0 = Release|Any CPU
	EndGlobalSection
	GlobalSection(SolutionProperties) = preSolution
		HideSolutionNode = FALSE
	EndGlobalSection
	GlobalSection(ExtensibilityGlobals) = postSolution
		SolutionGuid = {BEA7E4B3-2428-4B98-BCC5-35594F84629E}
	EndGlobalSection
EndGlobal
